
Microsoft Visual Studio Solution File, Format Version 12.00
# Visual Studio 15
VisualStudioVersion = 15.0.27004.2005
MinimumVisualStudioVersion = 10.0.40219.1
Project("{8BC9CEB8-8B4A-11D0-8D11-00A0C91BC942}") = "Binary_Search", "Binary_Search\Binary_Search.vcxproj", "{9ADDEFC1-6BC9-4BC4-93C9-5FE451E00669}"
EndProject
Global
	GlobalSection(SolutionConfigurationPlatforms) = preSolution
		Debug|x64 = Debug|x64
		Debug|x86 = Debug|x86
		Release|x64 = Release|x64
		Release|x86 = Release|x86
	EndGlobalSection
	GlobalSection(ProjectConfigurationPlatforms) = postSolution
		{9ADDEFC1-6BC9-4BC4-93C9-5FE451E00669}.Debug|x64.ActiveCfg = Debug|x64
		{9ADDEFC1-6BC9-4BC4-93C9-5FE451E00669}.Debug|x64.Build.0 = Debug|x64
		{9ADDEFC1-6BC9-4BC4-93C9-5FE451E00669}.Debug|x86.ActiveCfg = Debug|Win32
		{9ADDEFC1-6BC9-4BC4-93C9-5FE451E00669}.Debug|x86.Build.0 = Debug|Win32
		{9ADDEFC1-6BC9-4BC4-93C9-5FE451E00669}.Release|x64.ActiveCfg = Release|x64
		{9ADDEFC1-6BC9-4BC4-93C9-5FE451E00669}.Release|x64.Build.0 = Release|x64
		{9ADDEFC1-6BC9-4BC4-93C9-5FE451E00669}.Release|x86.ActiveCfg = Release|Win32
		{9ADDEFC1-6BC9-4BC4-93C9-5FE451E00669}.Release|x86.Build.0 = Release|Win32
	EndGlobalSection
	GlobalSection(SolutionProperties) = preSolution
		HideSolutionNode = FALSE
	EndGlobalSection
	GlobalSection(ExtensibilityGlobals) = postSolution
		SolutionGuid = {29747CD3-10A0-451E-95AD-A20912DFD647}
	EndGlobalSection
EndGlobal
